
Microsoft Visual Studio Solution File, Format Version 12.00
# Visual Studio Version 17
VisualStudioVersion = 17.0.32112.339
MinimumVisualStudioVersion = 10.0.40219.1
Project("{FAE04EC0-301F-11D3-BF4B-00C04F79EFBC}") = "Pract5_Individ_Var7", "Pract5_Individ_Var7\Pract5_Individ_Var7.csproj", "{D111FAFC-221D-47BE-B7C4-9300236E1562}"
EndProject
Global
	GlobalSection(SolutionConfigurationPlatforms) = preSolution
		Debug|Any CPU = Debug|Any CPU
		Release|Any CPU = Release|Any CPU
	EndGlobalSection
	GlobalSection(ProjectConfigurationPlatforms) = postSolution
		{D111FAFC-221D-47BE-B7C4-9300236E1562}.Debug|Any CPU.ActiveCfg = Debug|Any CPU
		{D111FAFC-221D-47BE-B7C4-9300236E1562}.Debug|Any CPU.Build.0 = Debug|Any CPU
		{D111FAFC-221D-47BE-B7C4-9300236E1562}.Release|Any CPU.ActiveCfg = Release|Any CPU
		{D111FAFC-221D-47BE-B7C4-9300236E1562}.Release|Any CPU.Build.0 = Release|Any CPU
	EndGlobalSection
	GlobalSection(SolutionProperties) = preSolution
		HideSolutionNode = FALSE
	EndGlobalSection
	GlobalSection(ExtensibilityGlobals) = postSolution
		SolutionGuid = {DF095849-A94C-4656-93D6-B2C1D267E3F9}
	EndGlobalSection
EndGlobal
